// !$*UTF8*$!
{
	archiveVersion = 1;
	classes = {
	};
	objectVersion = 55;
	objects = {

/* Begin PBXBuildFile section */
		059F0B65C13CCD99CFA26F5E /* Pods_U17.framework in Frameworks */ = {isa = PBXBuildFile; fileRef = 4BFB6A21EFE193EC792E5FBF /* Pods_U17.framework */; };
		45763BC328B76A0E00A84832 /* ComicCollectionViewCell.swift in Sources */ = {isa = PBXBuildFile; fileRef = 45763BC228B76A0E00A84832 /* ComicCollectionViewCell.swift */; };
		45763BC528B76A2900A84832 /* BoardCollectionViewCell.swift in Sources */ = {isa = PBXBuildFile; fileRef = 45763BC428B76A2900A84832 /* BoardCollectionViewCell.swift */; };
		45763BCA28BB919200A84832 /* LLCycleScrollView.swift in Sources */ = {isa = PBXBuildFile; fileRef = 45763BC928BB919200A84832 /* LLCycleScrollView.swift */; };
		45D107CC28B1D4F2001CD5BD /* FindNavView.swift in Sources */ = {isa = PBXBuildFile; fileRef = 45D107CB28B1D4F2001CD5BD /* FindNavView.swift */; };
		45D982CA28A0F3F300F76077 /* Assets.xcassets in Resources */ = {isa = PBXBuildFile; fileRef = 45D982C928A0F3F300F76077 /* Assets.xcassets */; };
		45D982CD28A0F3F300F76077 /* LaunchScreen.storyboard in Resources */ = {isa = PBXBuildFile; fileRef = 45D982CB28A0F3F300F76077 /* LaunchScreen.storyboard */; };
		45D982DC28A0F98C00F76077 /* AppDelegate.swift in Sources */ = {isa = PBXBuildFile; fileRef = 45D982D828A0F98B00F76077 /* AppDelegate.swift */; };
		45D982DF28A0FA0200F76077 /* BaseController.swift in Sources */ = {isa = PBXBuildFile; fileRef = 45D982DE28A0FA0200F76077 /* BaseController.swift */; };
		45D982E128A0FA3000F76077 /* NaviController.swift in Sources */ = {isa = PBXBuildFile; fileRef = 45D982E028A0FA3000F76077 /* NaviController.swift */; };
		45D982E328A104B600F76077 /* TabBarController.swift in Sources */ = {isa = PBXBuildFile; fileRef = 45D982E228A104B600F76077 /* TabBarController.swift */; };
		45D982E928A10F8400F76077 /* MineVC.swift in Sources */ = {isa = PBXBuildFile; fileRef = 45D982E828A10F8400F76077 /* MineVC.swift */; };
		45D982EB28A10F9800F76077 /* HomeVC.swift in Sources */ = {isa = PBXBuildFile; fileRef = 45D982EA28A10F9800F76077 /* HomeVC.swift */; };
		45D982ED28A10FAE00F76077 /* CommunityVC.swift in Sources */ = {isa = PBXBuildFile; fileRef = 45D982EC28A10FAE00F76077 /* CommunityVC.swift */; };
		45D982EF28A1EC4A00F76077 /* BookrackVC.swift in Sources */ = {isa = PBXBuildFile; fileRef = 45D982EE28A1EC4A00F76077 /* BookrackVC.swift */; };
		45D982F228A202A700F76077 /* BaseCollectionViewCell.swift in Sources */ = {isa = PBXBuildFile; fileRef = 45D982F128A202A700F76077 /* BaseCollectionViewCell.swift */; };
		45D982F528A2034A00F76077 /* MineCollectionViewCell.swift in Sources */ = {isa = PBXBuildFile; fileRef = 45D982F428A2034A00F76077 /* MineCollectionViewCell.swift */; };
		45D982F728A20C6900F76077 /* Global.swift in Sources */ = {isa = PBXBuildFile; fileRef = 45D982F628A20C6900F76077 /* Global.swift */; };
		45D982F928A20D3900F76077 /* MineHeaderView.swift in Sources */ = {isa = PBXBuildFile; fileRef = 45D982F828A20D3900F76077 /* MineHeaderView.swift */; };
		45D982FC28A259CE00F76077 /* UIColorExtension.swift in Sources */ = {isa = PBXBuildFile; fileRef = 45D982FB28A259CE00F76077 /* UIColorExtension.swift */; };
		45D982FF28A25F9900F76077 /* UIScrollView+ParallaxHeader.swift in Sources */ = {isa = PBXBuildFile; fileRef = 45D982FE28A25F9900F76077 /* UIScrollView+ParallaxHeader.swift */; };
		45D9830128A2606600F76077 /* ParallaxHeaderMode.swift in Sources */ = {isa = PBXBuildFile; fileRef = 45D9830028A2606600F76077 /* ParallaxHeaderMode.swift */; };
		45D9830328A2607A00F76077 /* ParallaxHeader.swift in Sources */ = {isa = PBXBuildFile; fileRef = 45D9830228A2607900F76077 /* ParallaxHeader.swift */; };
		45D9830528A287EB00F76077 /* UIBarButtonItemExtension.swift in Sources */ = {isa = PBXBuildFile; fileRef = 45D9830428A287EB00F76077 /* UIBarButtonItemExtension.swift */; };
/* End PBXBuildFile section */

/* Begin PBXFileReference section */
		0B9F523608273A26A7CA9897 /* Pods-U17.debug.xcconfig */ = {isa = PBXFileReference; includeInIndex = 1; lastKnownFileType = text.xcconfig; name = "Pods-U17.debug.xcconfig"; path = "Target Support Files/Pods-U17/Pods-U17.debug.xcconfig"; sourceTree = "<group>"; };
		45763BC228B76A0E00A84832 /* ComicCollectionViewCell.swift */ = {isa = PBXFileReference; lastKnownFileType = sourcecode.swift; path = ComicCollectionViewCell.swift; sourceTree = "<group>"; };
		45763BC428B76A2900A84832 /* BoardCollectionViewCell.swift */ = {isa = PBXFileReference; lastKnownFileType = sourcecode.swift; path = BoardCollectionViewCell.swift; sourceTree = "<group>"; };
		45763BC928BB919200A84832 /* LLCycleScrollView.swift */ = {isa = PBXFileReference; lastKnownFileType = sourcecode.swift; path = LLCycleScrollView.swift; sourceTree = "<group>"; };
		45D107CB28B1D4F2001CD5BD /* FindNavView.swift */ = {isa = PBXFileReference; lastKnownFileType = sourcecode.swift; path = FindNavView.swift; sourceTree = "<group>"; };
		45D982BD28A0F3F100F76077 /* U17.app */ = {isa = PBXFileReference; explicitFileType = wrapper.application; includeInIndex = 0; path = U17.app; sourceTree = BUILT_PRODUCTS_DIR; };
		45D982C928A0F3F300F76077 /* Assets.xcassets */ = {isa = PBXFileReference; lastKnownFileType = folder.assetcatalog; path = Assets.xcassets; sourceTree = "<group>"; };
		45D982CC28A0F3F300F76077 /* Base */ = {isa = PBXFileReference; lastKnownFileType = file.storyboard; name = Base; path = Base.lproj/LaunchScreen.storyboard; sourceTree = "<group>"; };
		45D982CE28A0F3F300F76077 /* Info.plist */ = {isa = PBXFileReference; lastKnownFileType = text.plist.xml; path = Info.plist; sourceTree = "<group>"; };
		45D982D828A0F98B00F76077 /* AppDelegate.swift */ = {isa = PBXFileReference; fileEncoding = 4; lastKnownFileType = sourcecode.swift; path = AppDelegate.swift; sourceTree = "<group>"; };
		45D982DE28A0FA0200F76077 /* BaseController.swift */ = {isa = PBXFileReference; lastKnownFileType = sourcecode.swift; path = BaseController.swift; sourceTree = "<group>"; };
		45D982E028A0FA3000F76077 /* NaviController.swift */ = {isa = PBXFileReference; lastKnownFileType = sourcecode.swift; path = NaviController.swift; sourceTree = "<group>"; };
		45D982E228A104B600F76077 /* TabBarController.swift */ = {isa = PBXFileReference; lastKnownFileType = sourcecode.swift; path = TabBarController.swift; sourceTree = "<group>"; };
		45D982E828A10F8400F76077 /* MineVC.swift */ = {isa = PBXFileReference; lastKnownFileType = sourcecode.swift; path = MineVC.swift; sourceTree = "<group>"; };
		45D982EA28A10F9800F76077 /* HomeVC.swift */ = {isa = PBXFileReference; lastKnownFileType = sourcecode.swift; path = HomeVC.swift; sourceTree = "<group>"; };
		45D982EC28A10FAE00F76077 /* CommunityVC.swift */ = {isa = PBXFileReference; lastKnownFileType = sourcecode.swift; path = CommunityVC.swift; sourceTree = "<group>"; };
		45D982EE28A1EC4A00F76077 /* BookrackVC.swift */ = {isa = PBXFileReference; lastKnownFileType = sourcecode.swift; path = BookrackVC.swift; sourceTree = "<group>"; };
		45D982F128A202A700F76077 /* BaseCollectionViewCell.swift */ = {isa = PBXFileReference; lastKnownFileType = sourcecode.swift; path = BaseCollectionViewCell.swift; sourceTree = "<group>"; };
		45D982F428A2034A00F76077 /* MineCollectionViewCell.swift */ = {isa = PBXFileReference; lastKnownFileType = sourcecode.swift; path = MineCollectionViewCell.swift; sourceTree = "<group>"; };
		45D982F628A20C6900F76077 /* Global.swift */ = {isa = PBXFileReference; lastKnownFileType = sourcecode.swift; path = Global.swift; sourceTree = "<group>"; };
		45D982F828A20D3900F76077 /* MineHeaderView.swift */ = {isa = PBXFileReference; lastKnownFileType = sourcecode.swift; path = MineHeaderView.swift; sourceTree = "<group>"; };
		45D982FB28A259CE00F76077 /* UIColorExtension.swift */ = {isa = PBXFileReference; lastKnownFileType = sourcecode.swift; path = UIColorExtension.swift; sourceTree = "<group>"; };
		45D982FE28A25F9900F76077 /* UIScrollView+ParallaxHeader.swift */ = {isa = PBXFileReference; lastKnownFileType = sourcecode.swift; path = "UIScrollView+ParallaxHeader.swift"; sourceTree = "<group>"; };
		45D9830028A2606600F76077 /* ParallaxHeaderMode.swift */ = {isa = PBXFileReference; lastKnownFileType = sourcecode.swift; path = ParallaxHeaderMode.swift; sourceTree = "<group>"; };
		45D9830228A2607900F76077 /* ParallaxHeader.swift */ = {isa = PBXFileReference; lastKnownFileType = sourcecode.swift; path = ParallaxHeader.swift; sourceTree = "<group>"; };
		45D9830428A287EB00F76077 /* UIBarButtonItemExtension.swift */ = {isa = PBXFileReference; lastKnownFileType = sourcecode.swift; path = UIBarButtonItemExtension.swift; sourceTree = "<group>"; };
		4BFB6A21EFE193EC792E5FBF /* Pods_U17.framework */ = {isa = PBXFileReference; explicitFileType = wrapper.framework; includeInIndex = 0; path = Pods_U17.framework; sourceTree = BUILT_PRODUCTS_DIR; };
		D93AC8076E7724F569AEDE65 /* Pods-U17.release.xcconfig */ = {isa = PBXFileReference; includeInIndex = 1; lastKnownFileType = text.xcconfig; name = "Pods-U17.release.xcconfig"; path = "Target Support Files/Pods-U17/Pods-U17.release.xcconfig"; sourceTree = "<group>"; };
/* End PBXFileReference section */

/* Begin PBXFrameworksBuildPhase section */
		45D982BA28A0F3F100F76077 /* Frameworks */ = {
			isa = PBXFrameworksBuildPhase;
			buildActionMask = 2147483647;
			files = (
				059F0B65C13CCD99CFA26F5E /* Pods_U17.framework in Frameworks */,
			);
			runOnlyForDeploymentPostprocessing = 0;
		};
/* End PBXFrameworksBuildPhase section */

/* Begin PBXGroup section */
		45763BC628BB917E00A84832 /* LLCycleScrollView */ = {
			isa = PBXGroup;
			children = (
				45763BC728BB917E00A84832 /* Lib */,
			);
			path = LLCycleScrollView;
			sourceTree = "<group>";
		};
		45763BC728BB917E00A84832 /* Lib */ = {
			isa = PBXGroup;
			children = (
				45763BC828BB917E00A84832 /* LLCycleScrollView */,
			);
			path = Lib;
			sourceTree = "<group>";
		};
		45763BC828BB917E00A84832 /* LLCycleScrollView */ = {
			isa = PBXGroup;
			children = (
				45763BC928BB919200A84832 /* LLCycleScrollView.swift */,
			);
			path = LLCycleScrollView;
			sourceTree = "<group>";
		};
		45D107C928B1D3B9001CD5BD /* View */ = {
			isa = PBXGroup;
			children = (
				45D107CB28B1D4F2001CD5BD /* FindNavView.swift */,
				45763BC228B76A0E00A84832 /* ComicCollectionViewCell.swift */,
				45763BC428B76A2900A84832 /* BoardCollectionViewCell.swift */,
			);
			path = View;
			sourceTree = "<group>";
		};
		45D107CA28B1D3B9001CD5BD /* ComicIntro(漫画介绍) */ = {
			isa = PBXGroup;
			children = (
			);
			path = "ComicIntro(漫画介绍)";
			sourceTree = "<group>";
		};
		45D982B428A0F3F100F76077 = {
			isa = PBXGroup;
			children = (
				45D982BF28A0F3F100F76077 /* U17 */,
				45D982BE28A0F3F100F76077 /* Products */,
				FCFE4FF81FD78A8378F2A9C0 /* Pods */,
				E325C482956CB03B019188A6 /* Frameworks */,
			);
			sourceTree = "<group>";
		};
		45D982BE28A0F3F100F76077 /* Products */ = {
			isa = PBXGroup;
			children = (
				45D982BD28A0F3F100F76077 /* U17.app */,
			);
			name = Products;
			sourceTree = "<group>";
		};
		45D982BF28A0F3F100F76077 /* U17 */ = {
			isa = PBXGroup;
			children = (
				45D982D528A0F98B00F76077 /* API */,
				45D982D428A0F98B00F76077 /* Common */,
				45D982DA28A0F98C00F76077 /* Controller */,
				45D982D928A0F98B00F76077 /* Model */,
				45D982D628A0F98B00F76077 /* Other */,
				45D982C928A0F3F300F76077 /* Assets.xcassets */,
				45D982CB28A0F3F300F76077 /* LaunchScreen.storyboard */,
				45D982CE28A0F3F300F76077 /* Info.plist */,
			);
			path = U17;
			sourceTree = "<group>";
		};
		45D982D428A0F98B00F76077 /* Common */ = {
			isa = PBXGroup;
			children = (
				45763BC628BB917E00A84832 /* LLCycleScrollView */,
				45D982FD28A25F7700F76077 /* ParallaxHeader */,
				45D982FA28A259B000F76077 /* Extension */,
			);
			path = Common;
			sourceTree = "<group>";
		};
		45D982D528A0F98B00F76077 /* API */ = {
			isa = PBXGroup;
			children = (
			);
			path = API;
			sourceTree = "<group>";
		};
		45D982D628A0F98B00F76077 /* Other */ = {
			isa = PBXGroup;
			children = (
				45D982D828A0F98B00F76077 /* AppDelegate.swift */,
				45D982F628A20C6900F76077 /* Global.swift */,
			);
			path = Other;
			sourceTree = "<group>";
		};
		45D982D928A0F98B00F76077 /* Model */ = {
			isa = PBXGroup;
			children = (
			);
			path = Model;
			sourceTree = "<group>";
		};
		45D982DA28A0F98C00F76077 /* Controller */ = {
			isa = PBXGroup;
			children = (
				45D982E428A10F3900F76077 /* Bookrack */,
				45D982E528A10F3900F76077 /* Community */,
				45D982E728A10F3900F76077 /* Home */,
				45D982E628A10F3900F76077 /* Mine */,
				45D982DD28A0F9E100F76077 /* Main */,
			);
			path = Controller;
			sourceTree = "<group>";
		};
		45D982DD28A0F9E100F76077 /* Main */ = {
			isa = PBXGroup;
			children = (
				45D982DE28A0FA0200F76077 /* BaseController.swift */,
				45D982E028A0FA3000F76077 /* NaviController.swift */,
				45D982E228A104B600F76077 /* TabBarController.swift */,
				45D982F028A2028A00F76077 /* BaseView */,
			);
			path = Main;
			sourceTree = "<group>";
		};
		45D982E428A10F3900F76077 /* Bookrack */ = {
			isa = PBXGroup;
			children = (
				45D982EE28A1EC4A00F76077 /* BookrackVC.swift */,
			);
			path = Bookrack;
			sourceTree = "<group>";
		};
		45D982E528A10F3900F76077 /* Community */ = {
			isa = PBXGroup;
			children = (
				45D982EC28A10FAE00F76077 /* CommunityVC.swift */,
			);
			path = Community;
			sourceTree = "<group>";
		};
		45D982E628A10F3900F76077 /* Mine */ = {
			isa = PBXGroup;
			children = (
				45D982E828A10F8400F76077 /* MineVC.swift */,
				45D982F328A2032E00F76077 /* View */,
			);
			path = Mine;
			sourceTree = "<group>";
		};
		45D982E728A10F3900F76077 /* Home */ = {
			isa = PBXGroup;
			children = (
				45D982EA28A10F9800F76077 /* HomeVC.swift */,
				45D107CA28B1D3B9001CD5BD /* ComicIntro(漫画介绍) */,
				45D107C928B1D3B9001CD5BD /* View */,
			);
			path = Home;
			sourceTree = "<group>";
		};
		45D982F028A2028A00F76077 /* BaseView */ = {
			isa = PBXGroup;
			children = (
				45D982F128A202A700F76077 /* BaseCollectionViewCell.swift */,
			);
			path = BaseView;
			sourceTree = "<group>";
		};
		45D982F328A2032E00F76077 /* View */ = {
			isa = PBXGroup;
			children = (
				45D982F428A2034A00F76077 /* MineCollectionViewCell.swift */,
				45D982F828A20D3900F76077 /* MineHeaderView.swift */,
			);
			path = View;
			sourceTree = "<group>";
		};
		45D982FA28A259B000F76077 /* Extension */ = {
			isa = PBXGroup;
			children = (
				45D982FB28A259CE00F76077 /* UIColorExtension.swift */,
				45D9830428A287EB00F76077 /* UIBarButtonItemExtension.swift */,
			);
			path = Extension;
			sourceTree = "<group>";
		};
		45D982FD28A25F7700F76077 /* ParallaxHeader */ = {
			isa = PBXGroup;
			children = (
				45D9830028A2606600F76077 /* ParallaxHeaderMode.swift */,
				45D982FE28A25F9900F76077 /* UIScrollView+ParallaxHeader.swift */,
				45D9830228A2607900F76077 /* ParallaxHeader.swift */,
			);
			path = ParallaxHeader;
			sourceTree = "<group>";
		};
		E325C482956CB03B019188A6 /* Frameworks */ = {
			isa = PBXGroup;
			children = (
				4BFB6A21EFE193EC792E5FBF /* Pods_U17.framework */,
			);
			name = Frameworks;
			sourceTree = "<group>";
		};
		FCFE4FF81FD78A8378F2A9C0 /* Pods */ = {
			isa = PBXGroup;
			children = (
				0B9F523608273A26A7CA9897 /* Pods-U17.debug.xcconfig */,
				D93AC8076E7724F569AEDE65 /* Pods-U17.release.xcconfig */,
			);
			path = Pods;
			sourceTree = "<group>";
		};
/* End PBXGroup section */

/* Begin PBXNativeTarget section */
		45D982BC28A0F3F100F76077 /* U17 */ = {
			isa = PBXNativeTarget;
			buildConfigurationList = 45D982D128A0F3F300F76077 /* Build configuration list for PBXNativeTarget "U17" */;
			buildPhases = (
				C7CEE51FD8AB903C4808310C /* [CP] Check Pods Manifest.lock */,
				45D982B928A0F3F100F76077 /* Sources */,
				45D982BA28A0F3F100F76077 /* Frameworks */,
				45D982BB28A0F3F100F76077 /* Resources */,
				06FE6553DE944849EF28891E /* [CP] Embed Pods Frameworks */,
			);
			buildRules = (
			);
			dependencies = (
			);
			name = U17;
			productName = U17;
			productReference = 45D982BD28A0F3F100F76077 /* U17.app */;
			productType = "com.apple.product-type.application";
		};
/* End PBXNativeTarget section */

/* Begin PBXProject section */
		45D982B528A0F3F100F76077 /* Project object */ = {
			isa = PBXProject;
			attributes = {
				BuildIndependentTargetsInParallel = 1;
				LastSwiftUpdateCheck = 1340;
				LastUpgradeCheck = 1340;
				TargetAttributes = {
					45D982BC28A0F3F100F76077 = {
						CreatedOnToolsVersion = 13.4.1;
					};
				};
			};
			buildConfigurationList = 45D982B828A0F3F100F76077 /* Build configuration list for PBXProject "U17" */;
			compatibilityVersion = "Xcode 13.0";
			developmentRegion = en;
			hasScannedForEncodings = 0;
			knownRegions = (
				en,
				Base,
			);
			mainGroup = 45D982B428A0F3F100F76077;
			productRefGroup = 45D982BE28A0F3F100F76077 /* Products */;
			projectDirPath = "";
			projectRoot = "";
			targets = (
				45D982BC28A0F3F100F76077 /* U17 */,
			);
		};
/* End PBXProject section */

/* Begin PBXResourcesBuildPhase section */
		45D982BB28A0F3F100F76077 /* Resources */ = {
			isa = PBXResourcesBuildPhase;
			buildActionMask = 2147483647;
			files = (
				45D982CD28A0F3F300F76077 /* LaunchScreen.storyboard in Resources */,
				45D982CA28A0F3F300F76077 /* Assets.xcassets in Resources */,
			);
			runOnlyForDeploymentPostprocessing = 0;
		};
/* End PBXResourcesBuildPhase section */

/* Begin PBXShellScriptBuildPhase section */
		06FE6553DE944849EF28891E /* [CP] Embed Pods Frameworks */ = {
			isa = PBXShellScriptBuildPhase;
			buildActionMask = 2147483647;
			files = (
			);
			inputFileListPaths = (
				"${PODS_ROOT}/Target Support Files/Pods-U17/Pods-U17-frameworks-${CONFIGURATION}-input-files.xcfilelist",
			);
			name = "[CP] Embed Pods Frameworks";
			outputFileListPaths = (
				"${PODS_ROOT}/Target Support Files/Pods-U17/Pods-U17-frameworks-${CONFIGURATION}-output-files.xcfilelist",
			);
			runOnlyForDeploymentPostprocessing = 0;
			shellPath = /bin/sh;
			shellScript = "\"${PODS_ROOT}/Target Support Files/Pods-U17/Pods-U17-frameworks.sh\"\n";
			showEnvVarsInLog = 0;
		};
		C7CEE51FD8AB903C4808310C /* [CP] Check Pods Manifest.lock */ = {
			isa = PBXShellScriptBuildPhase;
			buildActionMask = 2147483647;
			files = (
			);
			inputFileListPaths = (
			);
			inputPaths = (
				"${PODS_PODFILE_DIR_PATH}/Podfile.lock",
				"${PODS_ROOT}/Manifest.lock",
			);
			name = "[CP] Check Pods Manifest.lock";
			outputFileListPaths = (
			);
			outputPaths = (
				"$(DERIVED_FILE_DIR)/Pods-U17-checkManifestLockResult.txt",
			);
			runOnlyForDeploymentPostprocessing = 0;
			shellPath = /bin/sh;
			shellScript = "diff \"${PODS_PODFILE_DIR_PATH}/Podfile.lock\" \"${PODS_ROOT}/Manifest.lock\" > /dev/null\nif [ $? != 0 ] ; then\n    # print error to STDERR\n    echo \"error: The sandbox is not in sync with the Podfile.lock. Run 'pod install' or update your CocoaPods installation.\" >&2\n    exit 1\nfi\n# This output is used by Xcode 'outputs' to avoid re-running this script phase.\necho \"SUCCESS\" > \"${SCRIPT_OUTPUT_FILE_0}\"\n";
			showEnvVarsInLog = 0;
		};
/* End PBXShellScriptBuildPhase section */

/* Begin PBXSourcesBuildPhase section */
		45D982B928A0F3F100F76077 /* Sources */ = {
			isa = PBXSourcesBuildPhase;
			buildActionMask = 2147483647;
			files = (
				45D982F928A20D3900F76077 /* MineHeaderView.swift in Sources */,
				45D982EF28A1EC4A00F76077 /* BookrackVC.swift in Sources */,
				45D982DC28A0F98C00F76077 /* AppDelegate.swift in Sources */,
				45D982F228A202A700F76077 /* BaseCollectionViewCell.swift in Sources */,
				45D9830528A287EB00F76077 /* UIBarButtonItemExtension.swift in Sources */,
				45763BCA28BB919200A84832 /* LLCycleScrollView.swift in Sources */,
				45D982E928A10F8400F76077 /* MineVC.swift in Sources */,
				45D982E128A0FA3000F76077 /* NaviController.swift in Sources */,
				45763BC528B76A2900A84832 /* BoardCollectionViewCell.swift in Sources */,
				45D982FC28A259CE00F76077 /* UIColorExtension.swift in Sources */,
				45D982ED28A10FAE00F76077 /* CommunityVC.swift in Sources */,
				45D982F728A20C6900F76077 /* Global.swift in Sources */,
				45763BC328B76A0E00A84832 /* ComicCollectionViewCell.swift in Sources */,
				45D982EB28A10F9800F76077 /* HomeVC.swift in Sources */,
				45D107CC28B1D4F2001CD5BD /* FindNavView.swift in Sources */,
				45D982DF28A0FA0200F76077 /* BaseController.swift in Sources */,
				45D9830128A2606600F76077 /* ParallaxHeaderMode.swift in Sources */,
				45D982E328A104B600F76077 /* TabBarController.swift in Sources */,
				45D9830328A2607A00F76077 /* ParallaxHeader.swift in Sources */,
				45D982F528A2034A00F76077 /* MineCollectionViewCell.swift in Sources */,
				45D982FF28A25F9900F76077 /* UIScrollView+ParallaxHeader.swift in Sources */,
			);
			runOnlyForDeploymentPostprocessing = 0;
		};
/* End PBXSourcesBuildPhase section */

/* Begin PBXVariantGroup section */
		45D982CB28A0F3F300F76077 /* LaunchScreen.storyboard */ = {
			isa = PBXVariantGroup;
			children = (
				45D982CC28A0F3F300F76077 /* Base */,
			);
			name = LaunchScreen.storyboard;
			sourceTree = "<group>";
		};
/* End PBXVariantGroup section */

/* Begin XCBuildConfiguration section */
		45D982CF28A0F3F300F76077 /* Debug */ = {
			isa = XCBuildConfiguration;
			buildSettings = {
				ALWAYS_SEARCH_USER_PATHS = NO;
				CLANG_ANALYZER_NONNULL = YES;
				CLANG_ANALYZER_NUMBER_OBJECT_CONVERSION = YES_AGGRESSIVE;
				CLANG_CXX_LANGUAGE_STANDARD = "gnu++17";
				CLANG_ENABLE_MODULES = YES;
				CLANG_ENABLE_OBJC_ARC = YES;
				CLANG_ENABLE_OBJC_WEAK = YES;
				CLANG_WARN_BLOCK_CAPTURE_AUTORELEASING = YES;
				CLANG_WARN_BOOL_CONVERSION = YES;
				CLANG_WARN_COMMA = YES;
				CLANG_WARN_CONSTANT_CONVERSION = YES;
				CLANG_WARN_DEPRECATED_OBJC_IMPLEMENTATIONS = YES;
				CLANG_WARN_DIRECT_OBJC_ISA_USAGE = YES_ERROR;
				CLANG_WARN_DOCUMENTATION_COMMENTS = YES;
				CLANG_WARN_EMPTY_BODY = YES;
				CLANG_WARN_ENUM_CONVERSION = YES;
				CLANG_WARN_INFINITE_RECURSION = YES;
				CLANG_WARN_INT_CONVERSION = YES;
				CLANG_WARN_NON_LITERAL_NULL_CONVERSION = YES;
				CLANG_WARN_OBJC_IMPLICIT_RETAIN_SELF = YES;
				CLANG_WARN_OBJC_LITERAL_CONVERSION = YES;
				CLANG_WARN_OBJC_ROOT_CLASS = YES_ERROR;
				CLANG_WARN_QUOTED_INCLUDE_IN_FRAMEWORK_HEADER = YES;
				CLANG_WARN_RANGE_LOOP_ANALYSIS = YES;
				CLANG_WARN_STRICT_PROTOTYPES = YES;
				CLANG_WARN_SUSPICIOUS_MOVE = YES;
				CLANG_WARN_UNGUARDED_AVAILABILITY = YES_AGGRESSIVE;
				CLANG_WARN_UNREACHABLE_CODE = YES;
				CLANG_WARN__DUPLICATE_METHOD_MATCH = YES;
				COPY_PHASE_STRIP = NO;
				DEBUG_INFORMATION_FORMAT = dwarf;
				ENABLE_STRICT_OBJC_MSGSEND = YES;
				ENABLE_TESTABILITY = YES;
				GCC_C_LANGUAGE_STANDARD = gnu11;
				GCC_DYNAMIC_NO_PIC = NO;
				GCC_NO_COMMON_BLOCKS = YES;
				GCC_OPTIMIZATION_LEVEL = 0;
				GCC_PREPROCESSOR_DEFINITIONS = (
					"DEBUG=1",
					"$(inherited)",
				);
				GCC_WARN_64_TO_32_BIT_CONVERSION = YES;
				GCC_WARN_ABOUT_RETURN_TYPE = YES_ERROR;
				GCC_WARN_UNDECLARED_SELECTOR = YES;
				GCC_WARN_UNINITIALIZED_AUTOS = YES_AGGRESSIVE;
				GCC_WARN_UNUSED_FUNCTION = YES;
				GCC_WARN_UNUSED_VARIABLE = YES;
				IPHONEOS_DEPLOYMENT_TARGET = 15.5;
				MTL_ENABLE_DEBUG_INFO = INCLUDE_SOURCE;
				MTL_FAST_MATH = YES;
				ONLY_ACTIVE_ARCH = YES;
				SDKROOT = iphoneos;
				SWIFT_ACTIVE_COMPILATION_CONDITIONS = DEBUG;
				SWIFT_OPTIMIZATION_LEVEL = "-Onone";
			};
			name = Debug;
		};
		45D982D028A0F3F300F76077 /* Release */ = {
			isa = XCBuildConfiguration;
			buildSettings = {
				ALWAYS_SEARCH_USER_PATHS = NO;
				CLANG_ANALYZER_NONNULL = YES;
				CLANG_ANALYZER_NUMBER_OBJECT_CONVERSION = YES_AGGRESSIVE;
				CLANG_CXX_LANGUAGE_STANDARD = "gnu++17";
				CLANG_ENABLE_MODULES = YES;
				CLANG_ENABLE_OBJC_ARC = YES;
				CLANG_ENABLE_OBJC_WEAK = YES;
				CLANG_WARN_BLOCK_CAPTURE_AUTORELEASING = YES;
				CLANG_WARN_BOOL_CONVERSION = YES;
				CLANG_WARN_COMMA = YES;
				CLANG_WARN_CONSTANT_CONVERSION = YES;
				CLANG_WARN_DEPRECATED_OBJC_IMPLEMENTATIONS = YES;
				CLANG_WARN_DIRECT_OBJC_ISA_USAGE = YES_ERROR;
				CLANG_WARN_DOCUMENTATION_COMMENTS = YES;
				CLANG_WARN_EMPTY_BODY = YES;
				CLANG_WARN_ENUM_CONVERSION = YES;
				CLANG_WARN_INFINITE_RECURSION = YES;
				CLANG_WARN_INT_CONVERSION = YES;
				CLANG_WARN_NON_LITERAL_NULL_CONVERSION = YES;
				CLANG_WARN_OBJC_IMPLICIT_RETAIN_SELF = YES;
				CLANG_WARN_OBJC_LITERAL_CONVERSION = YES;
				CLANG_WARN_OBJC_ROOT_CLASS = YES_ERROR;
				CLANG_WARN_QUOTED_INCLUDE_IN_FRAMEWORK_HEADER = YES;
				CLANG_WARN_RANGE_LOOP_ANALYSIS = YES;
				CLANG_WARN_STRICT_PROTOTYPES = YES;
				CLANG_WARN_SUSPICIOUS_MOVE = YES;
				CLANG_WARN_UNGUARDED_AVAILABILITY = YES_AGGRESSIVE;
				CLANG_WARN_UNREACHABLE_CODE = YES;
				CLANG_WARN__DUPLICATE_METHOD_MATCH = YES;
				COPY_PHASE_STRIP = NO;
				DEBUG_INFORMATION_FORMAT = "dwarf-with-dsym";
				ENABLE_NS_ASSERTIONS = NO;
				ENABLE_STRICT_OBJC_MSGSEND = YES;
				GCC_C_LANGUAGE_STANDARD = gnu11;
				GCC_NO_COMMON_BLOCKS = YES;
				GCC_WARN_64_TO_32_BIT_CONVERSION = YES;
				GCC_WARN_ABOUT_RETURN_TYPE = YES_ERROR;
				GCC_WARN_UNDECLARED_SELECTOR = YES;
				GCC_WARN_UNINITIALIZED_AUTOS = YES_AGGRESSIVE;
				GCC_WARN_UNUSED_FUNCTION = YES;
				GCC_WARN_UNUSED_VARIABLE = YES;
				IPHONEOS_DEPLOYMENT_TARGET = 15.5;
				MTL_ENABLE_DEBUG_INFO = NO;
				MTL_FAST_MATH = YES;
				SDKROOT = iphoneos;
				SWIFT_COMPILATION_MODE = wholemodule;
				SWIFT_OPTIMIZATION_LEVEL = "-O";
				VALIDATE_PRODUCT = YES;
			};
			name = Release;
		};
		45D982D228A0F3F300F76077 /* Debug */ = {
			isa = XCBuildConfiguration;
			baseConfigurationReference = 0B9F523608273A26A7CA9897 /* Pods-U17.debug.xcconfig */;
			buildSettings = {
				ASSETCATALOG_COMPILER_APPICON_NAME = AppIcon;
				ASSETCATALOG_COMPILER_GLOBAL_ACCENT_COLOR_NAME = AccentColor;
				CODE_SIGN_STYLE = Automatic;
				CURRENT_PROJECT_VERSION = 1;
				GENERATE_INFOPLIST_FILE = YES;
				INFOPLIST_FILE = U17/Info.plist;
				INFOPLIST_KEY_UIApplicationSupportsIndirectInputEvents = YES;
				INFOPLIST_KEY_UILaunchStoryboardName = LaunchScreen;
				INFOPLIST_KEY_UISupportedInterfaceOrientations_iPad = "UIInterfaceOrientationPortrait UIInterfaceOrientationPortraitUpsideDown UIInterfaceOrientationLandscapeLeft UIInterfaceOrientationLandscapeRight";
				INFOPLIST_KEY_UISupportedInterfaceOrientations_iPhone = "UIInterfaceOrientationPortrait UIInterfaceOrientationLandscapeLeft UIInterfaceOrientationLandscapeRight";
				LD_RUNPATH_SEARCH_PATHS = (
					"$(inherited)",
					"@executable_path/Frameworks",
				);
				MARKETING_VERSION = 1.0;
				PRODUCT_BUNDLE_IDENTIFIER = istig.U17;
				PRODUCT_NAME = "$(TARGET_NAME)";
				SWIFT_EMIT_LOC_STRINGS = YES;
				SWIFT_VERSION = 5.0;
				TARGETED_DEVICE_FAMILY = 1;
			};
			name = Debug;
		};
		45D982D328A0F3F300F76077 /* Release */ = {
			isa = XCBuildConfiguration;
			baseConfigurationReference = D93AC8076E7724F569AEDE65 /* Pods-U17.release.xcconfig */;
			buildSettings = {
				ASSETCATALOG_COMPILER_APPICON_NAME = AppIcon;
				ASSETCATALOG_COMPILER_GLOBAL_ACCENT_COLOR_NAME = AccentColor;
				CODE_SIGN_STYLE = Automatic;
				CURRENT_PROJECT_VERSION = 1;
				GENERATE_INFOPLIST_FILE = YES;
				INFOPLIST_FILE = U17/Info.plist;
				INFOPLIST_KEY_UIApplicationSupportsIndirectInputEvents = YES;
				INFOPLIST_KEY_UILaunchStoryboardName = LaunchScreen;
				INFOPLIST_KEY_UISupportedInterfaceOrientations_iPad = "UIInterfaceOrientationPortrait UIInterfaceOrientationPortraitUpsideDown UIInterfaceOrientationLandscapeLeft UIInterfaceOrientationLandscapeRight";
				INFOPLIST_KEY_UISupportedInterfaceOrientations_iPhone = "UIInterfaceOrientationPortrait UIInterfaceOrientationLandscapeLeft UIInterfaceOrientationLandscapeRight";
				LD_RUNPATH_SEARCH_PATHS = (
					"$(inherited)",
					"@executable_path/Frameworks",
				);
				MARKETING_VERSION = 1.0;
				PRODUCT_BUNDLE_IDENTIFIER = istig.U17;
				PRODUCT_NAME = "$(TARGET_NAME)";
				SWIFT_EMIT_LOC_STRINGS = YES;
				SWIFT_VERSION = 5.0;
				TARGETED_DEVICE_FAMILY = 1;
			};
			name = Release;
		};
/* End XCBuildConfiguration section */

/* Begin XCConfigurationList section */
		45D982B828A0F3F100F76077 /* Build configuration list for PBXProject "U17" */ = {
			isa = XCConfigurationList;
			buildConfigurations = (
				45D982CF28A0F3F300F76077 /* Debug */,
				45D982D028A0F3F300F76077 /* Release */,
			);
			defaultConfigurationIsVisible = 0;
			defaultConfigurationName = Release;
		};
		45D982D128A0F3F300F76077 /* Build configuration list for PBXNativeTarget "U17" */ = {
			isa = XCConfigurationList;
			buildConfigurations = (
				45D982D228A0F3F300F76077 /* Debug */,
				45D982D328A0F3F300F76077 /* Release */,
			);
			defaultConfigurationIsVisible = 0;
			defaultConfigurationName = Release;
		};
/* End XCConfigurationList section */
	};
	rootObject = 45D982B528A0F3F100F76077 /* Project object */;
}
